<?xml version="1.0" encoding="UTF-8" standalone="yes" ?>
<CodeBlocks_project_file>
	<FileVersion major="1" minor="6" />
	<Project>
		<Option title="JECCbot" />
		<Option pch_mode="2" />
		<Option compiler="gcc" />
		<Build>
			<Target title="Debug">
				<Option output="bin/Debug/JECCbot" prefix_auto="1" extension_auto="1" />
				<Option object_output="obj/Debug/" />
				<Option type="1" />
				<Option compiler="gcc" />
				<Compiler>
					<Add option="-g" />
					<Add directory="include" />
				</Compiler>
			</Target>
			<Target title="Release">
				<Option output="bin/Release/JECCbot" prefix_auto="1" extension_auto="1" />
				<Option object_output="obj/Release/" />
				<Option type="1" />
				<Option compiler="gcc" />
				<Compiler>
					<Add option="-O2" />
					<Add directory="include" />
				</Compiler>
				<Linker>
					<Add option="-s" />
				</Linker>
			</Target>
		</Build>
		<Compiler>
			<Add option="-Wall" />
			<Add option="-fexceptions" />
		</Compiler>
		<Unit filename="include/Client.h" />
		<Unit filename="include/DataLogger.h" />
		<Unit filename="include/ECU.h" />
		<Unit filename="include/ECUBlobs.h" />
		<Unit filename="include/ECUProtocol.h" />
		<Unit filename="include/HTTPDecoder.h" />
		<Unit filename="include/JECCbotServer.h" />
		<Unit filename="include/RobotCommand.h" />
		<Unit filename="main.cpp" />
		<Unit filename="src/Client.cpp" />
		<Unit filename="src/DataLogger.cpp" />
		<Unit filename="src/ECU.cpp" />
		<Unit filename="src/HTTPDecoder.cpp" />
		<Unit filename="src/JECCbotServer.cpp" />
		<Extensions>
			<code_completion />
			<debugger />
		</Extensions>
	</Project>
</CodeBlocks_project_file>
